
Microsoft Visual Studio Solution File, Format Version 12.00
# Visual Studio Version 16
VisualStudioVersion = 16.0.30204.135
MinimumVisualStudioVersion = 10.0.40219.1
Project("{9A19103F-16F7-4668-BE54-9A1E7A4F7556}") = "Api", "Api\Api.csproj", "{46E525D4-57E7-4CFC-98FC-7BD987BAD559}"
EndProject
Project("{E24C65DC-7377-472B-9ABA-BC803B73C61A}") = "Client", "Client\", "{FFA10B8B-F6CD-458D-BC61-36EC51C4C192}"
	ProjectSection(WebsiteProperties) = preProject
		TargetFrameworkMoniker = ".NETFramework,Version%3Dv4.0"
		Debug.AspNetCompiler.VirtualPath = "/localhost_50043"
		Debug.AspNetCompiler.PhysicalPath = "Client\"
		Debug.AspNetCompiler.TargetPath = "PrecompiledWeb\localhost_50043\"
		Debug.AspNetCompiler.Updateable = "true"
		Debug.AspNetCompiler.ForceOverwrite = "true"
		Debug.AspNetCompiler.FixedNames = "false"
		Debug.AspNetCompiler.Debug = "True"
		Release.AspNetCompiler.VirtualPath = "/localhost_50043"
		Release.AspNetCompiler.PhysicalPath = "Client\"
		Release.AspNetCompiler.TargetPath = "PrecompiledWeb\localhost_50043\"
		Release.AspNetCompiler.Updateable = "true"
		Release.AspNetCompiler.ForceOverwrite = "true"
		Release.AspNetCompiler.FixedNames = "false"
		Release.AspNetCompiler.Debug = "False"
		VWDPort = "50043"
		SlnRelativePath = "Client\"
	EndProjectSection
EndProject
Global
	GlobalSection(SolutionConfigurationPlatforms) = preSolution
		Debug|Any CPU = Debug|Any CPU
		Release|Any CPU = Release|Any CPU
	EndGlobalSection
	GlobalSection(ProjectConfigurationPlatforms) = postSolution
		{46E525D4-57E7-4CFC-98FC-7BD987BAD559}.Debug|Any CPU.ActiveCfg = Debug|Any CPU
		{46E525D4-57E7-4CFC-98FC-7BD987BAD559}.Debug|Any CPU.Build.0 = Debug|Any CPU
		{46E525D4-57E7-4CFC-98FC-7BD987BAD559}.Release|Any CPU.ActiveCfg = Release|Any CPU
		{46E525D4-57E7-4CFC-98FC-7BD987BAD559}.Release|Any CPU.Build.0 = Release|Any CPU
		{FFA10B8B-F6CD-458D-BC61-36EC51C4C192}.Debug|Any CPU.ActiveCfg = Debug|Any CPU
		{FFA10B8B-F6CD-458D-BC61-36EC51C4C192}.Debug|Any CPU.Build.0 = Debug|Any CPU
		{FFA10B8B-F6CD-458D-BC61-36EC51C4C192}.Release|Any CPU.ActiveCfg = Debug|Any CPU
		{FFA10B8B-F6CD-458D-BC61-36EC51C4C192}.Release|Any CPU.Build.0 = Debug|Any CPU
	EndGlobalSection
	GlobalSection(SolutionProperties) = preSolution
		HideSolutionNode = FALSE
	EndGlobalSection
	GlobalSection(ExtensibilityGlobals) = postSolution
		SolutionGuid = {A85C9F85-A985-4581-8354-01EA1AA41FAF}
	EndGlobalSection
EndGlobal
